
Microsoft Visual Studio Solution File, Format Version 12.00
# Visual Studio 15
VisualStudioVersion = 15.0.28010.0
MinimumVisualStudioVersion = 10.0.40219.1
Project("{FAE04EC0-301F-11D3-BF4B-00C04F79EFBC}") = "Domain", "Domain\Domain.csproj", "{3B090073-D3A9-4414-B151-4BC991752960}"
EndProject
Project("{FAE04EC0-301F-11D3-BF4B-00C04F79EFBC}") = "Infrastructure", "Infrastructure\Infrastructure.csproj", "{6D511E52-6D27-408F-B33C-94245F95E7D6}"
EndProject
Project("{FAE04EC0-301F-11D3-BF4B-00C04F79EFBC}") = "Logic", "Logic\Logic.csproj", "{0D4D00E7-C3C4-4735-AEE2-96E53AB82960}"
EndProject
Project("{FAE04EC0-301F-11D3-BF4B-00C04F79EFBC}") = "UI", "UI\UI.csproj", "{B7A72AFA-662A-40B8-841E-1D082F264417}"
EndProject
Global
	GlobalSection(SolutionConfigurationPlatforms) = preSolution
		Debug|Any CPU = Debug|Any CPU
		Release|Any CPU = Release|Any CPU
	EndGlobalSection
	GlobalSection(ProjectConfigurationPlatforms) = postSolution
		{3B090073-D3A9-4414-B151-4BC991752960}.Debug|Any CPU.ActiveCfg = Debug|Any CPU
		{3B090073-D3A9-4414-B151-4BC991752960}.Debug|Any CPU.Build.0 = Debug|Any CPU
		{3B090073-D3A9-4414-B151-4BC991752960}.Release|Any CPU.ActiveCfg = Release|Any CPU
		{3B090073-D3A9-4414-B151-4BC991752960}.Release|Any CPU.Build.0 = Release|Any CPU
		{6D511E52-6D27-408F-B33C-94245F95E7D6}.Debug|Any CPU.ActiveCfg = Debug|Any CPU
		{6D511E52-6D27-408F-B33C-94245F95E7D6}.Debug|Any CPU.Build.0 = Debug|Any CPU
		{6D511E52-6D27-408F-B33C-94245F95E7D6}.Release|Any CPU.ActiveCfg = Release|Any CPU
		{6D511E52-6D27-408F-B33C-94245F95E7D6}.Release|Any CPU.Build.0 = Release|Any CPU
		{0D4D00E7-C3C4-4735-AEE2-96E53AB82960}.Debug|Any CPU.ActiveCfg = Debug|Any CPU
		{0D4D00E7-C3C4-4735-AEE2-96E53AB82960}.Debug|Any CPU.Build.0 = Debug|Any CPU
		{0D4D00E7-C3C4-4735-AEE2-96E53AB82960}.Release|Any CPU.ActiveCfg = Release|Any CPU
		{0D4D00E7-C3C4-4735-AEE2-96E53AB82960}.Release|Any CPU.Build.0 = Release|Any CPU
		{B7A72AFA-662A-40B8-841E-1D082F264417}.Debug|Any CPU.ActiveCfg = Debug|Any CPU
		{B7A72AFA-662A-40B8-841E-1D082F264417}.Debug|Any CPU.Build.0 = Debug|Any CPU
		{B7A72AFA-662A-40B8-841E-1D082F264417}.Release|Any CPU.ActiveCfg = Release|Any CPU
		{B7A72AFA-662A-40B8-841E-1D082F264417}.Release|Any CPU.Build.0 = Release|Any CPU
	EndGlobalSection
	GlobalSection(SolutionProperties) = preSolution
		HideSolutionNode = FALSE
	EndGlobalSection
	GlobalSection(ExtensibilityGlobals) = postSolution
		SolutionGuid = {679631E4-DC0C-446A-AC47-3FD965228E0C}
	EndGlobalSection
EndGlobal
